// !$*UTF8*$!
{
	archiveVersion = 1;
	classes = {
	};
	objectVersion = 56;
	objects = {

/* Begin PBXBuildFile section */
		E87B13942C2AFFE2000D9BBD /* PolyLabel.docc in Sources */ = {isa = PBXBuildFile; fileRef = E87B13932C2AFFE2000D9BBD /* PolyLabel.docc */; };
		E87B139A2C2AFFE3000D9BBD /* PolyLabel.framework in Frameworks */ = {isa = PBXBuildFile; fileRef = E87B138F2C2AFFE2000D9BBD /* PolyLabel.framework */; };
		E87B139F2C2AFFE3000D9BBD /* PolyLabelTests.swift in Sources */ = {isa = PBXBuildFile; fileRef = E87B139E2C2AFFE3000D9BBD /* PolyLabelTests.swift */; };
		E87B13A02C2AFFE3000D9BBD /* PolyLabel.h in Headers */ = {isa = PBXBuildFile; fileRef = E87B13922C2AFFE2000D9BBD /* PolyLabel.h */; settings = {ATTRIBUTES = (Public, ); }; };
		E87B13AB2C2B00AA000D9BBD /* Heap.swift in Sources */ = {isa = PBXBuildFile; fileRef = E87B13AA2C2B00AA000D9BBD /* Heap.swift */; };
		E87B13AC2C2B00AA000D9BBD /* Heap.swift in Sources */ = {isa = PBXBuildFile; fileRef = E87B13AA2C2B00AA000D9BBD /* Heap.swift */; };
		E87B13AE2C2B0162000D9BBD /* PriorityQueue.swift in Sources */ = {isa = PBXBuildFile; fileRef = E87B13AD2C2B0162000D9BBD /* PriorityQueue.swift */; };
		E87B13AF2C2B0162000D9BBD /* PriorityQueue.swift in Sources */ = {isa = PBXBuildFile; fileRef = E87B13AD2C2B0162000D9BBD /* PriorityQueue.swift */; };
		E87B13B12C2B019A000D9BBD /* PolyLabel.swift in Sources */ = {isa = PBXBuildFile; fileRef = E87B13B02C2B019A000D9BBD /* PolyLabel.swift */; };
		E87B13B22C2B019A000D9BBD /* PolyLabel.swift in Sources */ = {isa = PBXBuildFile; fileRef = E87B13B02C2B019A000D9BBD /* PolyLabel.swift */; };
		E87B13B42C2B01CF000D9BBD /* Cell.swift in Sources */ = {isa = PBXBuildFile; fileRef = E87B13B32C2B01CF000D9BBD /* Cell.swift */; };
		E87B13B52C2B01CF000D9BBD /* Cell.swift in Sources */ = {isa = PBXBuildFile; fileRef = E87B13B32C2B01CF000D9BBD /* Cell.swift */; };
		E87B13BA2C2B04B2000D9BBD /* water1.json in Resources */ = {isa = PBXBuildFile; fileRef = E87B13B72C2B04B2000D9BBD /* water1.json */; };
		E87B13BC2C2B04B2000D9BBD /* water2.json in Resources */ = {isa = PBXBuildFile; fileRef = E87B13B82C2B04B2000D9BBD /* water2.json */; };
/* End PBXBuildFile section */

/* Begin PBXContainerItemProxy section */
		E87B139B2C2AFFE3000D9BBD /* PBXContainerItemProxy */ = {
			isa = PBXContainerItemProxy;
			containerPortal = E87B13862C2AFFE2000D9BBD /* Project object */;
			proxyType = 1;
			remoteGlobalIDString = E87B138E2C2AFFE2000D9BBD;
			remoteInfo = PolyLabel;
		};
/* End PBXContainerItemProxy section */

/* Begin PBXFileReference section */
		E87B138F2C2AFFE2000D9BBD /* PolyLabel.framework */ = {isa = PBXFileReference; explicitFileType = wrapper.framework; includeInIndex = 0; path = PolyLabel.framework; sourceTree = BUILT_PRODUCTS_DIR; };
		E87B13922C2AFFE2000D9BBD /* PolyLabel.h */ = {isa = PBXFileReference; lastKnownFileType = sourcecode.c.h; path = PolyLabel.h; sourceTree = "<group>"; };
		E87B13932C2AFFE2000D9BBD /* PolyLabel.docc */ = {isa = PBXFileReference; lastKnownFileType = folder.documentationcatalog; path = PolyLabel.docc; sourceTree = "<group>"; };
		E87B13992C2AFFE3000D9BBD /* PolyLabelTests.xctest */ = {isa = PBXFileReference; explicitFileType = wrapper.cfbundle; includeInIndex = 0; path = PolyLabelTests.xctest; sourceTree = BUILT_PRODUCTS_DIR; };
		E87B139E2C2AFFE3000D9BBD /* PolyLabelTests.swift */ = {isa = PBXFileReference; lastKnownFileType = sourcecode.swift; path = PolyLabelTests.swift; sourceTree = "<group>"; };
		E87B13AA2C2B00AA000D9BBD /* Heap.swift */ = {isa = PBXFileReference; lastKnownFileType = sourcecode.swift; path = Heap.swift; sourceTree = "<group>"; };
		E87B13AD2C2B0162000D9BBD /* PriorityQueue.swift */ = {isa = PBXFileReference; lastKnownFileType = sourcecode.swift; path = PriorityQueue.swift; sourceTree = "<group>"; };
		E87B13B02C2B019A000D9BBD /* PolyLabel.swift */ = {isa = PBXFileReference; lastKnownFileType = sourcecode.swift; path = PolyLabel.swift; sourceTree = "<group>"; };
		E87B13B32C2B01CF000D9BBD /* Cell.swift */ = {isa = PBXFileReference; lastKnownFileType = sourcecode.swift; path = Cell.swift; sourceTree = "<group>"; };
		E87B13B72C2B04B2000D9BBD /* water1.json */ = {isa = PBXFileReference; fileEncoding = 4; lastKnownFileType = text.json; path = water1.json; sourceTree = "<group>"; };
		E87B13B82C2B04B2000D9BBD /* water2.json */ = {isa = PBXFileReference; fileEncoding = 4; lastKnownFileType = text.json; path = water2.json; sourceTree = "<group>"; };
/* End PBXFileReference section */

/* Begin PBXFrameworksBuildPhase section */
		E87B138C2C2AFFE2000D9BBD /* Frameworks */ = {
			isa = PBXFrameworksBuildPhase;
			buildActionMask = 2147483647;
			files = (
			);
			runOnlyForDeploymentPostprocessing = 0;
		};
		E87B13962C2AFFE3000D9BBD /* Frameworks */ = {
			isa = PBXFrameworksBuildPhase;
			buildActionMask = 2147483647;
			files = (
				E87B139A2C2AFFE3000D9BBD /* PolyLabel.framework in Frameworks */,
			);
			runOnlyForDeploymentPostprocessing = 0;
		};
/* End PBXFrameworksBuildPhase section */

/* Begin PBXGroup section */
		E87B13852C2AFFE2000D9BBD = {
			isa = PBXGroup;
			children = (
				E87B13912C2AFFE2000D9BBD /* PolyLabel */,
				E87B139D2C2AFFE3000D9BBD /* PolyLabelTests */,
				E87B13902C2AFFE2000D9BBD /* Products */,
			);
			sourceTree = "<group>";
		};
		E87B13902C2AFFE2000D9BBD /* Products */ = {
			isa = PBXGroup;
			children = (
				E87B138F2C2AFFE2000D9BBD /* PolyLabel.framework */,
				E87B13992C2AFFE3000D9BBD /* PolyLabelTests.xctest */,
			);
			name = Products;
			sourceTree = "<group>";
		};
		E87B13912C2AFFE2000D9BBD /* PolyLabel */ = {
			isa = PBXGroup;
			children = (
				E87B13A92C2B009B000D9BBD /* utils */,
				E87B13922C2AFFE2000D9BBD /* PolyLabel.h */,
				E87B13932C2AFFE2000D9BBD /* PolyLabel.docc */,
				E87B13B02C2B019A000D9BBD /* PolyLabel.swift */,
				E87B13B32C2B01CF000D9BBD /* Cell.swift */,
			);
			path = PolyLabel;
			sourceTree = "<group>";
		};
		E87B139D2C2AFFE3000D9BBD /* PolyLabelTests */ = {
			isa = PBXGroup;
			children = (
				E87B13B62C2B0437000D9BBD /* Resources */,
				E87B139E2C2AFFE3000D9BBD /* PolyLabelTests.swift */,
			);
			path = PolyLabelTests;
			sourceTree = "<group>";
		};
		E87B13A92C2B009B000D9BBD /* utils */ = {
			isa = PBXGroup;
			children = (
				E87B13AA2C2B00AA000D9BBD /* Heap.swift */,
				E87B13AD2C2B0162000D9BBD /* PriorityQueue.swift */,
			);
			path = utils;
			sourceTree = "<group>";
		};
		E87B13B62C2B0437000D9BBD /* Resources */ = {
			isa = PBXGroup;
			children = (
				E87B13B72C2B04B2000D9BBD /* water1.json */,
				E87B13B82C2B04B2000D9BBD /* water2.json */,
			);
			path = Resources;
			sourceTree = "<group>";
		};
/* End PBXGroup section */

/* Begin PBXHeadersBuildPhase section */
		E87B138A2C2AFFE2000D9BBD /* Headers */ = {
			isa = PBXHeadersBuildPhase;
			buildActionMask = 2147483647;
			files = (
				E87B13A02C2AFFE3000D9BBD /* PolyLabel.h in Headers */,
			);
			runOnlyForDeploymentPostprocessing = 0;
		};
/* End PBXHeadersBuildPhase section */

/* Begin PBXNativeTarget section */
		E87B138E2C2AFFE2000D9BBD /* PolyLabel */ = {
			isa = PBXNativeTarget;
			buildConfigurationList = E87B13A32C2AFFE3000D9BBD /* Build configuration list for PBXNativeTarget "PolyLabel" */;
			buildPhases = (
				E87B138A2C2AFFE2000D9BBD /* Headers */,
				E87B138B2C2AFFE2000D9BBD /* Sources */,
				E87B138C2C2AFFE2000D9BBD /* Frameworks */,
				E87B138D2C2AFFE2000D9BBD /* Resources */,
			);
			buildRules = (
			);
			dependencies = (
			);
			name = PolyLabel;
			productName = PolyLabel;
			productReference = E87B138F2C2AFFE2000D9BBD /* PolyLabel.framework */;
			productType = "com.apple.product-type.framework";
		};
		E87B13982C2AFFE3000D9BBD /* PolyLabelTests */ = {
			isa = PBXNativeTarget;
			buildConfigurationList = E87B13A62C2AFFE3000D9BBD /* Build configuration list for PBXNativeTarget "PolyLabelTests" */;
			buildPhases = (
				E87B13952C2AFFE3000D9BBD /* Sources */,
				E87B13962C2AFFE3000D9BBD /* Frameworks */,
				E87B13972C2AFFE3000D9BBD /* Resources */,
			);
			buildRules = (
			);
			dependencies = (
				E87B139C2C2AFFE3000D9BBD /* PBXTargetDependency */,
			);
			name = PolyLabelTests;
			productName = PolyLabelTests;
			productReference = E87B13992C2AFFE3000D9BBD /* PolyLabelTests.xctest */;
			productType = "com.apple.product-type.bundle.unit-test";
		};
/* End PBXNativeTarget section */

/* Begin PBXProject section */
		E87B13862C2AFFE2000D9BBD /* Project object */ = {
			isa = PBXProject;
			attributes = {
				BuildIndependentTargetsInParallel = 1;
				LastSwiftUpdateCheck = 1530;
				LastUpgradeCheck = 1530;
				TargetAttributes = {
					E87B138E2C2AFFE2000D9BBD = {
						CreatedOnToolsVersion = 15.3;
					};
					E87B13982C2AFFE3000D9BBD = {
						CreatedOnToolsVersion = 15.3;
					};
				};
			};
			buildConfigurationList = E87B13892C2AFFE2000D9BBD /* Build configuration list for PBXProject "PolyLabel" */;
			compatibilityVersion = "Xcode 14.0";
			developmentRegion = en;
			hasScannedForEncodings = 0;
			knownRegions = (
				en,
				Base,
			);
			mainGroup = E87B13852C2AFFE2000D9BBD;
			productRefGroup = E87B13902C2AFFE2000D9BBD /* Products */;
			projectDirPath = "";
			projectRoot = "";
			targets = (
				E87B138E2C2AFFE2000D9BBD /* PolyLabel */,
				E87B13982C2AFFE3000D9BBD /* PolyLabelTests */,
			);
		};
/* End PBXProject section */

/* Begin PBXResourcesBuildPhase section */
		E87B138D2C2AFFE2000D9BBD /* Resources */ = {
			isa = PBXResourcesBuildPhase;
			buildActionMask = 2147483647;
			files = (
			);
			runOnlyForDeploymentPostprocessing = 0;
		};
		E87B13972C2AFFE3000D9BBD /* Resources */ = {
			isa = PBXResourcesBuildPhase;
			buildActionMask = 2147483647;
			files = (
				E87B13BC2C2B04B2000D9BBD /* water2.json in Resources */,
				E87B13BA2C2B04B2000D9BBD /* water1.json in Resources */,
			);
			runOnlyForDeploymentPostprocessing = 0;
		};
/* End PBXResourcesBuildPhase section */

/* Begin PBXSourcesBuildPhase section */
		E87B138B2C2AFFE2000D9BBD /* Sources */ = {
			isa = PBXSourcesBuildPhase;
			buildActionMask = 2147483647;
			files = (
				E87B13942C2AFFE2000D9BBD /* PolyLabel.docc in Sources */,
				E87B13AB2C2B00AA000D9BBD /* Heap.swift in Sources */,
				E87B13B42C2B01CF000D9BBD /* Cell.swift in Sources */,
				E87B13B12C2B019A000D9BBD /* PolyLabel.swift in Sources */,
				E87B13AE2C2B0162000D9BBD /* PriorityQueue.swift in Sources */,
			);
			runOnlyForDeploymentPostprocessing = 0;
		};
		E87B13952C2AFFE3000D9BBD /* Sources */ = {
			isa = PBXSourcesBuildPhase;
			buildActionMask = 2147483647;
			files = (
				E87B139F2C2AFFE3000D9BBD /* PolyLabelTests.swift in Sources */,
				E87B13AC2C2B00AA000D9BBD /* Heap.swift in Sources */,
				E87B13B52C2B01CF000D9BBD /* Cell.swift in Sources */,
				E87B13B22C2B019A000D9BBD /* PolyLabel.swift in Sources */,
				E87B13AF2C2B0162000D9BBD /* PriorityQueue.swift in Sources */,
			);
			runOnlyForDeploymentPostprocessing = 0;
		};
/* End PBXSourcesBuildPhase section */

/* Begin PBXTargetDependency section */
		E87B139C2C2AFFE3000D9BBD /* PBXTargetDependency */ = {
			isa = PBXTargetDependency;
			target = E87B138E2C2AFFE2000D9BBD /* PolyLabel */;
			targetProxy = E87B139B2C2AFFE3000D9BBD /* PBXContainerItemProxy */;
		};
/* End PBXTargetDependency section */

/* Begin XCBuildConfiguration section */
		E87B13A12C2AFFE3000D9BBD /* Debug */ = {
			isa = XCBuildConfiguration;
			buildSettings = {
				ALWAYS_SEARCH_USER_PATHS = NO;
				ASSETCATALOG_COMPILER_GENERATE_SWIFT_ASSET_SYMBOL_EXTENSIONS = YES;
				CLANG_ANALYZER_NONNULL = YES;
				CLANG_ANALYZER_NUMBER_OBJECT_CONVERSION = YES_AGGRESSIVE;
				CLANG_CXX_LANGUAGE_STANDARD = "gnu++20";
				CLANG_ENABLE_MODULES = YES;
				CLANG_ENABLE_OBJC_ARC = YES;
				CLANG_ENABLE_OBJC_WEAK = YES;
				CLANG_WARN_BLOCK_CAPTURE_AUTORELEASING = YES;
				CLANG_WARN_BOOL_CONVERSION = YES;
				CLANG_WARN_COMMA = YES;
				CLANG_WARN_CONSTANT_CONVERSION = YES;
				CLANG_WARN_DEPRECATED_OBJC_IMPLEMENTATIONS = YES;
				CLANG_WARN_DIRECT_OBJC_ISA_USAGE = YES_ERROR;
				CLANG_WARN_DOCUMENTATION_COMMENTS = YES;
				CLANG_WARN_EMPTY_BODY = YES;
				CLANG_WARN_ENUM_CONVERSION = YES;
				CLANG_WARN_INFINITE_RECURSION = YES;
				CLANG_WARN_INT_CONVERSION = YES;
				CLANG_WARN_NON_LITERAL_NULL_CONVERSION = YES;
				CLANG_WARN_OBJC_IMPLICIT_RETAIN_SELF = YES;
				CLANG_WARN_OBJC_LITERAL_CONVERSION = YES;
				CLANG_WARN_OBJC_ROOT_CLASS = YES_ERROR;
				CLANG_WARN_QUOTED_INCLUDE_IN_FRAMEWORK_HEADER = YES;
				CLANG_WARN_RANGE_LOOP_ANALYSIS = YES;
				CLANG_WARN_STRICT_PROTOTYPES = YES;
				CLANG_WARN_SUSPICIOUS_MOVE = YES;
				CLANG_WARN_UNGUARDED_AVAILABILITY = YES_AGGRESSIVE;
				CLANG_WARN_UNREACHABLE_CODE = YES;
				CLANG_WARN__DUPLICATE_METHOD_MATCH = YES;
				COPY_PHASE_STRIP = NO;
				CURRENT_PROJECT_VERSION = 1;
				DEBUG_INFORMATION_FORMAT = dwarf;
				ENABLE_STRICT_OBJC_MSGSEND = YES;
				ENABLE_TESTABILITY = YES;
				ENABLE_USER_SCRIPT_SANDBOXING = YES;
				GCC_C_LANGUAGE_STANDARD = gnu17;
				GCC_DYNAMIC_NO_PIC = NO;
				GCC_NO_COMMON_BLOCKS = YES;
				GCC_OPTIMIZATION_LEVEL = 0;
				GCC_PREPROCESSOR_DEFINITIONS = (
					"DEBUG=1",
					"$(inherited)",
				);
				GCC_WARN_64_TO_32_BIT_CONVERSION = YES;
				GCC_WARN_ABOUT_RETURN_TYPE = YES_ERROR;
				GCC_WARN_UNDECLARED_SELECTOR = YES;
				GCC_WARN_UNINITIALIZED_AUTOS = YES_AGGRESSIVE;
				GCC_WARN_UNUSED_FUNCTION = YES;
				GCC_WARN_UNUSED_VARIABLE = YES;
				LOCALIZATION_PREFERS_STRING_CATALOGS = YES;
				MTL_ENABLE_DEBUG_INFO = INCLUDE_SOURCE;
				MTL_FAST_MATH = YES;
				ONLY_ACTIVE_ARCH = YES;
				SWIFT_ACTIVE_COMPILATION_CONDITIONS = "DEBUG $(inherited)";
				SWIFT_OPTIMIZATION_LEVEL = "-Onone";
				VERSIONING_SYSTEM = "apple-generic";
				VERSION_INFO_PREFIX = "";
			};
			name = Debug;
		};
		E87B13A22C2AFFE3000D9BBD /* Release */ = {
			isa = XCBuildConfiguration;
			buildSettings = {
				ALWAYS_SEARCH_USER_PATHS = NO;
				ASSETCATALOG_COMPILER_GENERATE_SWIFT_ASSET_SYMBOL_EXTENSIONS = YES;
				CLANG_ANALYZER_NONNULL = YES;
				CLANG_ANALYZER_NUMBER_OBJECT_CONVERSION = YES_AGGRESSIVE;
				CLANG_CXX_LANGUAGE_STANDARD = "gnu++20";
				CLANG_ENABLE_MODULES = YES;
				CLANG_ENABLE_OBJC_ARC = YES;
				CLANG_ENABLE_OBJC_WEAK = YES;
				CLANG_WARN_BLOCK_CAPTURE_AUTORELEASING = YES;
				CLANG_WARN_BOOL_CONVERSION = YES;
				CLANG_WARN_COMMA = YES;
				CLANG_WARN_CONSTANT_CONVERSION = YES;
				CLANG_WARN_DEPRECATED_OBJC_IMPLEMENTATIONS = YES;
				CLANG_WARN_DIRECT_OBJC_ISA_USAGE = YES_ERROR;
				CLANG_WARN_DOCUMENTATION_COMMENTS = YES;
				CLANG_WARN_EMPTY_BODY = YES;
				CLANG_WARN_ENUM_CONVERSION = YES;
				CLANG_WARN_INFINITE_RECURSION = YES;
				CLANG_WARN_INT_CONVERSION = YES;
				CLANG_WARN_NON_LITERAL_NULL_CONVERSION = YES;
				CLANG_WARN_OBJC_IMPLICIT_RETAIN_SELF = YES;
				CLANG_WARN_OBJC_LITERAL_CONVERSION = YES;
				CLANG_WARN_OBJC_ROOT_CLASS = YES_ERROR;
				CLANG_WARN_QUOTED_INCLUDE_IN_FRAMEWORK_HEADER = YES;
				CLANG_WARN_RANGE_LOOP_ANALYSIS = YES;
				CLANG_WARN_STRICT_PROTOTYPES = YES;
				CLANG_WARN_SUSPICIOUS_MOVE = YES;
				CLANG_WARN_UNGUARDED_AVAILABILITY = YES_AGGRESSIVE;
				CLANG_WARN_UNREACHABLE_CODE = YES;
				CLANG_WARN__DUPLICATE_METHOD_MATCH = YES;
				COPY_PHASE_STRIP = NO;
				CURRENT_PROJECT_VERSION = 1;
				DEBUG_INFORMATION_FORMAT = "dwarf-with-dsym";
				ENABLE_NS_ASSERTIONS = NO;
				ENABLE_STRICT_OBJC_MSGSEND = YES;
				ENABLE_USER_SCRIPT_SANDBOXING = YES;
				GCC_C_LANGUAGE_STANDARD = gnu17;
				GCC_NO_COMMON_BLOCKS = YES;
				GCC_WARN_64_TO_32_BIT_CONVERSION = YES;
				GCC_WARN_ABOUT_RETURN_TYPE = YES_ERROR;
				GCC_WARN_UNDECLARED_SELECTOR = YES;
				GCC_WARN_UNINITIALIZED_AUTOS = YES_AGGRESSIVE;
				GCC_WARN_UNUSED_FUNCTION = YES;
				GCC_WARN_UNUSED_VARIABLE = YES;
				LOCALIZATION_PREFERS_STRING_CATALOGS = YES;
				MTL_ENABLE_DEBUG_INFO = NO;
				MTL_FAST_MATH = YES;
				SWIFT_COMPILATION_MODE = wholemodule;
				VERSIONING_SYSTEM = "apple-generic";
				VERSION_INFO_PREFIX = "";
			};
			name = Release;
		};
		E87B13A42C2AFFE3000D9BBD /* Debug */ = {
			isa = XCBuildConfiguration;
			buildSettings = {
				ALLOW_TARGET_PLATFORM_SPECIALIZATION = YES;
				BUILD_LIBRARY_FOR_DISTRIBUTION = YES;
				CODE_SIGN_STYLE = Automatic;
				CURRENT_PROJECT_VERSION = 1;
				DEFINES_MODULE = YES;
				DEVELOPMENT_TEAM = 9QX49HG597;
				DYLIB_COMPATIBILITY_VERSION = 1;
				DYLIB_CURRENT_VERSION = 1;
				DYLIB_INSTALL_NAME_BASE = "@rpath";
				ENABLE_MODULE_VERIFIER = YES;
				GENERATE_INFOPLIST_FILE = YES;
				INFOPLIST_KEY_NSHumanReadableCopyright = "";
				INSTALL_PATH = "$(LOCAL_LIBRARY_DIR)/Frameworks";
				IPHONEOS_DEPLOYMENT_TARGET = 12.0;
				LD_RUNPATH_SEARCH_PATHS = (
					"@executable_path/Frameworks",
					"@loader_path/Frameworks",
				);
				"LD_RUNPATH_SEARCH_PATHS[sdk=macosx*]" = (
					"@executable_path/../Frameworks",
					"@loader_path/Frameworks",
				);
				MACOSX_DEPLOYMENT_TARGET = 11.0;
				MARKETING_VERSION = 1.0;
				MODULE_VERIFIER_SUPPORTED_LANGUAGES = "objective-c objective-c++";
				MODULE_VERIFIER_SUPPORTED_LANGUAGE_STANDARDS = "gnu17 gnu++20";
				PRODUCT_BUNDLE_IDENTIFIER = nicolasmarchal.PolyLabel;
				PRODUCT_NAME = "$(TARGET_NAME:c99extidentifier)";
				SDKROOT = auto;
				SKIP_INSTALL = YES;
				SUPPORTED_PLATFORMS = "iphoneos iphonesimulator macosx";
				SWIFT_EMIT_LOC_STRINGS = YES;
				SWIFT_INSTALL_OBJC_HEADER = NO;
				SWIFT_VERSION = 5.0;
				TARGETED_DEVICE_FAMILY = "1,2";
			};
			name = Debug;
		};
		E87B13A52C2AFFE3000D9BBD /* Release */ = {
			isa = XCBuildConfiguration;
			buildSettings = {
				ALLOW_TARGET_PLATFORM_SPECIALIZATION = YES;
				BUILD_LIBRARY_FOR_DISTRIBUTION = YES;
				CODE_SIGN_STYLE = Automatic;
				CURRENT_PROJECT_VERSION = 1;
				DEFINES_MODULE = YES;
				DEVELOPMENT_TEAM = 9QX49HG597;
				DYLIB_COMPATIBILITY_VERSION = 1;
				DYLIB_CURRENT_VERSION = 1;
				DYLIB_INSTALL_NAME_BASE = "@rpath";
				ENABLE_MODULE_VERIFIER = YES;
				GENERATE_INFOPLIST_FILE = YES;
				INFOPLIST_KEY_NSHumanReadableCopyright = "";
				INSTALL_PATH = "$(LOCAL_LIBRARY_DIR)/Frameworks";
				IPHONEOS_DEPLOYMENT_TARGET = 12.0;
				LD_RUNPATH_SEARCH_PATHS = (
					"@executable_path/Frameworks",
					"@loader_path/Frameworks",
				);
				"LD_RUNPATH_SEARCH_PATHS[sdk=macosx*]" = (
					"@executable_path/../Frameworks",
					"@loader_path/Frameworks",
				);
				MACOSX_DEPLOYMENT_TARGET = 11.0;
				MARKETING_VERSION = 1.0;
				MODULE_VERIFIER_SUPPORTED_LANGUAGES = "objective-c objective-c++";
				MODULE_VERIFIER_SUPPORTED_LANGUAGE_STANDARDS = "gnu17 gnu++20";
				PRODUCT_BUNDLE_IDENTIFIER = nicolasmarchal.PolyLabel;
				PRODUCT_NAME = "$(TARGET_NAME:c99extidentifier)";
				SDKROOT = auto;
				SKIP_INSTALL = YES;
				SUPPORTED_PLATFORMS = "iphoneos iphonesimulator macosx";
				SWIFT_EMIT_LOC_STRINGS = YES;
				SWIFT_INSTALL_OBJC_HEADER = NO;
				SWIFT_VERSION = 5.0;
				TARGETED_DEVICE_FAMILY = "1,2";
			};
			name = Release;
		};
		E87B13A72C2AFFE3000D9BBD /* Debug */ = {
			isa = XCBuildConfiguration;
			buildSettings = {
				ALLOW_TARGET_PLATFORM_SPECIALIZATION = YES;
				ALWAYS_EMBED_SWIFT_STANDARD_LIBRARIES = YES;
				CODE_SIGN_STYLE = Automatic;
				CURRENT_PROJECT_VERSION = 1;
				DEVELOPMENT_TEAM = 9QX49HG597;
				GENERATE_INFOPLIST_FILE = YES;
				IPHONEOS_DEPLOYMENT_TARGET = 17.4;
				MACOSX_DEPLOYMENT_TARGET = 14.1;
				MARKETING_VERSION = 1.0;
				PRODUCT_BUNDLE_IDENTIFIER = nicolasmarchal.PolyLabelTests;
				PRODUCT_NAME = "$(TARGET_NAME)";
				SDKROOT = auto;
				SUPPORTED_PLATFORMS = "iphoneos iphonesimulator macosx";
				SWIFT_EMIT_LOC_STRINGS = NO;
				SWIFT_VERSION = 5.0;
				TARGETED_DEVICE_FAMILY = "1,2";
			};
			name = Debug;
		};
		E87B13A82C2AFFE3000D9BBD /* Release */ = {
			isa = XCBuildConfiguration;
			buildSettings = {
				ALLOW_TARGET_PLATFORM_SPECIALIZATION = YES;
				ALWAYS_EMBED_SWIFT_STANDARD_LIBRARIES = YES;
				CODE_SIGN_STYLE = Automatic;
				CURRENT_PROJECT_VERSION = 1;
				DEVELOPMENT_TEAM = 9QX49HG597;
				GENERATE_INFOPLIST_FILE = YES;
				IPHONEOS_DEPLOYMENT_TARGET = 17.4;
				MACOSX_DEPLOYMENT_TARGET = 14.1;
				MARKETING_VERSION = 1.0;
				PRODUCT_BUNDLE_IDENTIFIER = nicolasmarchal.PolyLabelTests;
				PRODUCT_NAME = "$(TARGET_NAME)";
				SDKROOT = auto;
				SUPPORTED_PLATFORMS = "iphoneos iphonesimulator macosx";
				SWIFT_EMIT_LOC_STRINGS = NO;
				SWIFT_VERSION = 5.0;
				TARGETED_DEVICE_FAMILY = "1,2";
			};
			name = Release;
		};
/* End XCBuildConfiguration section */

/* Begin XCConfigurationList section */
		E87B13892C2AFFE2000D9BBD /* Build configuration list for PBXProject "PolyLabel" */ = {
			isa = XCConfigurationList;
			buildConfigurations = (
				E87B13A12C2AFFE3000D9BBD /* Debug */,
				E87B13A22C2AFFE3000D9BBD /* Release */,
			);
			defaultConfigurationIsVisible = 0;
			defaultConfigurationName = Release;
		};
		E87B13A32C2AFFE3000D9BBD /* Build configuration list for PBXNativeTarget "PolyLabel" */ = {
			isa = XCConfigurationList;
			buildConfigurations = (
				E87B13A42C2AFFE3000D9BBD /* Debug */,
				E87B13A52C2AFFE3000D9BBD /* Release */,
			);
			defaultConfigurationIsVisible = 0;
			defaultConfigurationName = Release;
		};
		E87B13A62C2AFFE3000D9BBD /* Build configuration list for PBXNativeTarget "PolyLabelTests" */ = {
			isa = XCConfigurationList;
			buildConfigurations = (
				E87B13A72C2AFFE3000D9BBD /* Debug */,
				E87B13A82C2AFFE3000D9BBD /* Release */,
			);
			defaultConfigurationIsVisible = 0;
			defaultConfigurationName = Release;
		};
/* End XCConfigurationList section */
	};
	rootObject = E87B13862C2AFFE2000D9BBD /* Project object */;
}
